// !$*UTF8*$!
{
	archiveVersion = 1;
	classes = {
	};
	objectVersion = 46;
	objects = {

/* Begin PBXBuildFile section */
		071E51011EA51B2A00D80895 /* BoardManager.swift in Sources */ = {isa = PBXBuildFile; fileRef = 071E51001EA51B2A00D80895 /* BoardManager.swift */; };
		073248831DBAF360003BFC01 /* Main.storyboard in Resources */ = {isa = PBXBuildFile; fileRef = 073248811DBAF360003BFC01 /* Main.storyboard */; };
		073248851DBAF360003BFC01 /* Assets.xcassets in Resources */ = {isa = PBXBuildFile; fileRef = 073248841DBAF360003BFC01 /* Assets.xcassets */; };
		073248881DBAF360003BFC01 /* LaunchScreen.storyboard in Resources */ = {isa = PBXBuildFile; fileRef = 073248861DBAF360003BFC01 /* LaunchScreen.storyboard */; };
		076D7DC41DBAF3F300574471 /* AppDelegate.swift in Sources */ = {isa = PBXBuildFile; fileRef = 0732487D1DBAF360003BFC01 /* AppDelegate.swift */; };
		076D7DC51DBAF3F300574471 /* BlockManager.swift in Sources */ = {isa = PBXBuildFile; fileRef = 076D7DBC1DBAF39E00574471 /* BlockManager.swift */; };
		076D7DC61DBAF3F300574471 /* BlockUIView.swift in Sources */ = {isa = PBXBuildFile; fileRef = 076D7DBD1DBAF39E00574471 /* BlockUIView.swift */; };
		076D7DC71DBAF3F300574471 /* HelpViewController.swift in Sources */ = {isa = PBXBuildFile; fileRef = 076D7DBE1DBAF39E00574471 /* HelpViewController.swift */; };
		076D7DC81DBAF3F300574471 /* ViewController.swift in Sources */ = {isa = PBXBuildFile; fileRef = 0732487F1DBAF360003BFC01 /* ViewController.swift */; };
		076D7DC91DBAF3F300574471 /* WordList.swift in Sources */ = {isa = PBXBuildFile; fileRef = 076D7DBF1DBAF39E00574471 /* WordList.swift */; };
/* End PBXBuildFile section */

/* Begin PBXFileReference section */
		071E51001EA51B2A00D80895 /* BoardManager.swift */ = {isa = PBXFileReference; fileEncoding = 4; lastKnownFileType = sourcecode.swift; path = BoardManager.swift; sourceTree = "<group>"; };
		0732487A1DBAF360003BFC01 /* WordGuessingGame.app */ = {isa = PBXFileReference; explicitFileType = wrapper.application; includeInIndex = 0; path = WordGuessingGame.app; sourceTree = BUILT_PRODUCTS_DIR; };
		0732487D1DBAF360003BFC01 /* AppDelegate.swift */ = {isa = PBXFileReference; lastKnownFileType = sourcecode.swift; path = AppDelegate.swift; sourceTree = "<group>"; };
		0732487F1DBAF360003BFC01 /* ViewController.swift */ = {isa = PBXFileReference; lastKnownFileType = sourcecode.swift; path = ViewController.swift; sourceTree = "<group>"; };
		073248821DBAF360003BFC01 /* Base */ = {isa = PBXFileReference; lastKnownFileType = file.storyboard; name = Base; path = Base.lproj/Main.storyboard; sourceTree = "<group>"; };
		073248841DBAF360003BFC01 /* Assets.xcassets */ = {isa = PBXFileReference; lastKnownFileType = folder.assetcatalog; path = Assets.xcassets; sourceTree = "<group>"; };
		073248871DBAF360003BFC01 /* Base */ = {isa = PBXFileReference; lastKnownFileType = file.storyboard; name = Base; path = Base.lproj/LaunchScreen.storyboard; sourceTree = "<group>"; };
		073248891DBAF360003BFC01 /* Info.plist */ = {isa = PBXFileReference; lastKnownFileType = text.plist.xml; path = Info.plist; sourceTree = "<group>"; };
		076D7DBC1DBAF39E00574471 /* BlockManager.swift */ = {isa = PBXFileReference; fileEncoding = 4; lastKnownFileType = sourcecode.swift; path = BlockManager.swift; sourceTree = "<group>"; };
		076D7DBD1DBAF39E00574471 /* BlockUIView.swift */ = {isa = PBXFileReference; fileEncoding = 4; lastKnownFileType = sourcecode.swift; path = BlockUIView.swift; sourceTree = "<group>"; };
		076D7DBE1DBAF39E00574471 /* HelpViewController.swift */ = {isa = PBXFileReference; fileEncoding = 4; lastKnownFileType = sourcecode.swift; path = HelpViewController.swift; sourceTree = "<group>"; };
		076D7DBF1DBAF39E00574471 /* WordList.swift */ = {isa = PBXFileReference; fileEncoding = 4; lastKnownFileType = sourcecode.swift; path = WordList.swift; sourceTree = "<group>"; };
/* End PBXFileReference section */

/* Begin PBXFrameworksBuildPhase section */
		073248771DBAF360003BFC01 /* Frameworks */ = {
			isa = PBXFrameworksBuildPhase;
			buildActionMask = 2147483647;
			files = (
			);
			runOnlyForDeploymentPostprocessing = 0;
		};
/* End PBXFrameworksBuildPhase section */

/* Begin PBXGroup section */
		073248711DBAF360003BFC01 = {
			isa = PBXGroup;
			children = (
				0732487C1DBAF360003BFC01 /* WordGuessingGame */,
				0732487B1DBAF360003BFC01 /* Products */,
			);
			sourceTree = "<group>";
		};
		0732487B1DBAF360003BFC01 /* Products */ = {
			isa = PBXGroup;
			children = (
				0732487A1DBAF360003BFC01 /* WordGuessingGame.app */,
			);
			name = Products;
			sourceTree = "<group>";
		};
		0732487C1DBAF360003BFC01 /* WordGuessingGame */ = {
			isa = PBXGroup;
			children = (
				0732487D1DBAF360003BFC01 /* AppDelegate.swift */,
				073248841DBAF360003BFC01 /* Assets.xcassets */,
				076D7DBC1DBAF39E00574471 /* BlockManager.swift */,
				076D7DBD1DBAF39E00574471 /* BlockUIView.swift */,
				071E51001EA51B2A00D80895 /* BoardManager.swift */,
				076D7DBE1DBAF39E00574471 /* HelpViewController.swift */,
				073248891DBAF360003BFC01 /* Info.plist */,
				073248861DBAF360003BFC01 /* LaunchScreen.storyboard */,
				073248811DBAF360003BFC01 /* Main.storyboard */,
				0732487F1DBAF360003BFC01 /* ViewController.swift */,
				076D7DBF1DBAF39E00574471 /* WordList.swift */,
			);
			path = WordGuessingGame;
			sourceTree = "<group>";
		};
/* End PBXGroup section */

/* Begin PBXNativeTarget section */
		073248791DBAF360003BFC01 /* WordGuessingGame */ = {
			isa = PBXNativeTarget;
			buildConfigurationList = 0732488C1DBAF361003BFC01 /* Build configuration list for PBXNativeTarget "WordGuessingGame" */;
			buildPhases = (
				073248761DBAF360003BFC01 /* Sources */,
				073248771DBAF360003BFC01 /* Frameworks */,
				073248781DBAF360003BFC01 /* Resources */,
			);
			buildRules = (
			);
			dependencies = (
			);
			name = WordGuessingGame;
			productName = WordGuessingGame;
			productReference = 0732487A1DBAF360003BFC01 /* WordGuessingGame.app */;
			productType = "com.apple.product-type.application";
		};
/* End PBXNativeTarget section */

/* Begin PBXProject section */
		073248721DBAF360003BFC01 /* Project object */ = {
			isa = PBXProject;
			attributes = {
				LastSwiftUpdateCheck = 0800;
				LastUpgradeCheck = 0830;
				ORGANIZATIONNAME = Eric;
				TargetAttributes = {
					073248791DBAF360003BFC01 = {
						CreatedOnToolsVersion = 8.0;
						ProvisioningStyle = Automatic;
					};
				};
			};
			buildConfigurationList = 073248751DBAF360003BFC01 /* Build configuration list for PBXProject "WordGuessingGame" */;
			compatibilityVersion = "Xcode 3.2";
			developmentRegion = English;
			hasScannedForEncodings = 0;
			knownRegions = (
				en,
				Base,
			);
			mainGroup = 073248711DBAF360003BFC01;
			productRefGroup = 0732487B1DBAF360003BFC01 /* Products */;
			projectDirPath = "";
			projectRoot = "";
			targets = (
				073248791DBAF360003BFC01 /* WordGuessingGame */,
			);
		};
/* End PBXProject section */

/* Begin PBXResourcesBuildPhase section */
		073248781DBAF360003BFC01 /* Resources */ = {
			isa = PBXResourcesBuildPhase;
			buildActionMask = 2147483647;
			files = (
				073248881DBAF360003BFC01 /* LaunchScreen.storyboard in Resources */,
				073248851DBAF360003BFC01 /* Assets.xcassets in Resources */,
				073248831DBAF360003BFC01 /* Main.storyboard in Resources */,
			);
			runOnlyForDeploymentPostprocessing = 0;
		};
/* End PBXResourcesBuildPhase section */

/* Begin PBXSourcesBuildPhase section */
		073248761DBAF360003BFC01 /* Sources */ = {
			isa = PBXSourcesBuildPhase;
			buildActionMask = 2147483647;
			files = (
				071E51011EA51B2A00D80895 /* BoardManager.swift in Sources */,
				076D7DC41DBAF3F300574471 /* AppDelegate.swift in Sources */,
				076D7DC51DBAF3F300574471 /* BlockManager.swift in Sources */,
				076D7DC61DBAF3F300574471 /* BlockUIView.swift in Sources */,
				076D7DC71DBAF3F300574471 /* HelpViewController.swift in Sources */,
				076D7DC81DBAF3F300574471 /* ViewController.swift in Sources */,
				076D7DC91DBAF3F300574471 /* WordList.swift in Sources */,
			);
			runOnlyForDeploymentPostprocessing = 0;
		};
/* End PBXSourcesBuildPhase section */

/* Begin PBXVariantGroup section */
		073248811DBAF360003BFC01 /* Main.storyboard */ = {
			isa = PBXVariantGroup;
			children = (
				073248821DBAF360003BFC01 /* Base */,
			);
			name = Main.storyboard;
			sourceTree = "<group>";
		};
		073248861DBAF360003BFC01 /* LaunchScreen.storyboard */ = {
			isa = PBXVariantGroup;
			children = (
				073248871DBAF360003BFC01 /* Base */,
			);
			name = LaunchScreen.storyboard;
			sourceTree = "<group>";
		};
/* End PBXVariantGroup section */

/* Begin XCBuildConfiguration section */
		0732488A1DBAF361003BFC01 /* Debug */ = {
			isa = XCBuildConfiguration;
			buildSettings = {
				ALWAYS_SEARCH_USER_PATHS = NO;
				CLANG_ANALYZER_NONNULL = YES;
				CLANG_CXX_LANGUAGE_STANDARD = "gnu++0x";
				CLANG_CXX_LIBRARY = "libc++";
				CLANG_ENABLE_MODULES = YES;
				CLANG_ENABLE_OBJC_ARC = YES;
				CLANG_WARN_BOOL_CONVERSION = YES;
				CLANG_WARN_CONSTANT_CONVERSION = YES;
				CLANG_WARN_DIRECT_OBJC_ISA_USAGE = YES_ERROR;
				CLANG_WARN_DOCUMENTATION_COMMENTS = YES;
				CLANG_WARN_EMPTY_BODY = YES;
				CLANG_WARN_ENUM_CONVERSION = YES;
				CLANG_WARN_INFINITE_RECURSION = YES;
				CLANG_WARN_INT_CONVERSION = YES;
				CLANG_WARN_OBJC_ROOT_CLASS = YES_ERROR;
				CLANG_WARN_SUSPICIOUS_MOVE = YES;
				CLANG_WARN_SUSPICIOUS_MOVES = YES;
				CLANG_WARN_UNREACHABLE_CODE = YES;
				CLANG_WARN__DUPLICATE_METHOD_MATCH = YES;
				"CODE_SIGN_IDENTITY[sdk=iphoneos*]" = "iPhone Developer";
				COPY_PHASE_STRIP = NO;
				DEBUG_INFORMATION_FORMAT = dwarf;
				ENABLE_STRICT_OBJC_MSGSEND = YES;
				ENABLE_TESTABILITY = YES;
				GCC_C_LANGUAGE_STANDARD = gnu99;
				GCC_DYNAMIC_NO_PIC = NO;
				GCC_NO_COMMON_BLOCKS = YES;
				GCC_OPTIMIZATION_LEVEL = 0;
				GCC_PREPROCESSOR_DEFINITIONS = (
					"DEBUG=1",
					"$(inherited)",
				);
				GCC_WARN_64_TO_32_BIT_CONVERSION = YES;
				GCC_WARN_ABOUT_RETURN_TYPE = YES_ERROR;
				GCC_WARN_UNDECLARED_SELECTOR = YES;
				GCC_WARN_UNINITIALIZED_AUTOS = YES_AGGRESSIVE;
				GCC_WARN_UNUSED_FUNCTION = YES;
				GCC_WARN_UNUSED_VARIABLE = YES;
				IPHONEOS_DEPLOYMENT_TARGET = 10.0;
				MTL_ENABLE_DEBUG_INFO = YES;
				ONLY_ACTIVE_ARCH = YES;
				SDKROOT = iphoneos;
				SWIFT_ACTIVE_COMPILATION_CONDITIONS = DEBUG;
				SWIFT_OPTIMIZATION_LEVEL = "-Onone";
				TARGETED_DEVICE_FAMILY = "1,2";
			};
			name = Debug;
		};
		0732488B1DBAF361003BFC01 /* Release */ = {
			isa = XCBuildConfiguration;
			buildSettings = {
				ALWAYS_SEARCH_USER_PATHS = NO;
				CLANG_ANALYZER_NONNULL = YES;
				CLANG_CXX_LANGUAGE_STANDARD = "gnu++0x";
				CLANG_CXX_LIBRARY = "libc++";
				CLANG_ENABLE_MODULES = YES;
				CLANG_ENABLE_OBJC_ARC = YES;
				CLANG_WARN_BOOL_CONVERSION = YES;
				CLANG_WARN_CONSTANT_CONVERSION = YES;
				CLANG_WARN_DIRECT_OBJC_ISA_USAGE = YES_ERROR;
				CLANG_WARN_DOCUMENTATION_COMMENTS = YES;
				CLANG_WARN_EMPTY_BODY = YES;
				CLANG_WARN_ENUM_CONVERSION = YES;
				CLANG_WARN_INFINITE_RECURSION = YES;
				CLANG_WARN_INT_CONVERSION = YES;
				CLANG_WARN_OBJC_ROOT_CLASS = YES_ERROR;
				CLANG_WARN_SUSPICIOUS_MOVE = YES;
				CLANG_WARN_SUSPICIOUS_MOVES = YES;
				CLANG_WARN_UNREACHABLE_CODE = YES;
				CLANG_WARN__DUPLICATE_METHOD_MATCH = YES;
				"CODE_SIGN_IDENTITY[sdk=iphoneos*]" = "iPhone Developer";
				COPY_PHASE_STRIP = NO;
				DEBUG_INFORMATION_FORMAT = "dwarf-with-dsym";
				ENABLE_NS_ASSERTIONS = NO;
				ENABLE_STRICT_OBJC_MSGSEND = YES;
				GCC_C_LANGUAGE_STANDARD = gnu99;
				GCC_NO_COMMON_BLOCKS = YES;
				GCC_WARN_64_TO_32_BIT_CONVERSION = YES;
				GCC_WARN_ABOUT_RETURN_TYPE = YES_ERROR;
				GCC_WARN_UNDECLARED_SELECTOR = YES;
				GCC_WARN_UNINITIALIZED_AUTOS = YES_AGGRESSIVE;
				GCC_WARN_UNUSED_FUNCTION = YES;
				GCC_WARN_UNUSED_VARIABLE = YES;
				IPHONEOS_DEPLOYMENT_TARGET = 10.0;
				MTL_ENABLE_DEBUG_INFO = NO;
				SDKROOT = iphoneos;
				SWIFT_OPTIMIZATION_LEVEL = "-Owholemodule";
				TARGETED_DEVICE_FAMILY = "1,2";
				VALIDATE_PRODUCT = YES;
			};
			name = Release;
		};
		0732488D1DBAF361003BFC01 /* Debug */ = {
			isa = XCBuildConfiguration;
			buildSettings = {
				ASSETCATALOG_COMPILER_APPICON_NAME = AppIcon;
				INFOPLIST_FILE = WordGuessingGame/Info.plist;
				LD_RUNPATH_SEARCH_PATHS = "$(inherited) @executable_path/Frameworks";
				PRODUCT_BUNDLE_IDENTIFIER = com.eric.WordGuessingGame;
				PRODUCT_NAME = "$(TARGET_NAME)";
				SWIFT_VERSION = 3.0;
			};
			name = Debug;
		};
		0732488E1DBAF361003BFC01 /* Release */ = {
			isa = XCBuildConfiguration;
			buildSettings = {
				ASSETCATALOG_COMPILER_APPICON_NAME = AppIcon;
				INFOPLIST_FILE = WordGuessingGame/Info.plist;
				LD_RUNPATH_SEARCH_PATHS = "$(inherited) @executable_path/Frameworks";
				PRODUCT_BUNDLE_IDENTIFIER = com.eric.WordGuessingGame;
				PRODUCT_NAME = "$(TARGET_NAME)";
				SWIFT_VERSION = 3.0;
			};
			name = Release;
		};
/* End XCBuildConfiguration section */

/* Begin XCConfigurationList section */
		073248751DBAF360003BFC01 /* Build configuration list for PBXProject "WordGuessingGame" */ = {
			isa = XCConfigurationList;
			buildConfigurations = (
				0732488A1DBAF361003BFC01 /* Debug */,
				0732488B1DBAF361003BFC01 /* Release */,
			);
			defaultConfigurationIsVisible = 0;
			defaultConfigurationName = Release;
		};
		0732488C1DBAF361003BFC01 /* Build configuration list for PBXNativeTarget "WordGuessingGame" */ = {
			isa = XCConfigurationList;
			buildConfigurations = (
				0732488D1DBAF361003BFC01 /* Debug */,
				0732488E1DBAF361003BFC01 /* Release */,
			);
			defaultConfigurationIsVisible = 0;
			defaultConfigurationName = Release;
		};
/* End XCConfigurationList section */
	};
	rootObject = 073248721DBAF360003BFC01 /* Project object */;
}
